{
  "originHash" : "987f2daf268d0018a5e2d701baa2a6cdddfa6000924140a767f6077a1bf4706d",
  "pins" : [
    {
      "identity" : "ios-core-data-sdk",
      "kind" : "remoteSourceControl",
      "location" : "https://github.com/FastPix/iOS-core-data-sdk.git",
      "state" : {
        "revision" : "1c349f3095ebd15d6fa221bc8f4d0456a95f7b1f",
        "version" : "1.0.6"
      }
    },
    {
      "identity" : "ios-data-avplayer-sdk",
      "kind" : "remoteSourceControl",
      "location" : "https://github.com/FastPix/iOS-data-avplayer-sdk",
      "state" : {
        "revision" : "1eab915f7140c90ec80dafd59313d304c6c9fbde",
        "version" : "1.0.7"
      }
    }
  ],
  "version" : 3
}
